
Microsoft Visual Studio Solution File, Format Version 12.00
# Visual Studio Version 17
VisualStudioVersion = 17.14.36616.10 d17.14
MinimumVisualStudioVersion = 10.0.40219.1
Project("{888888A0-9F3D-457C-B088-3A5042F75D52}") = "Game2048", "Game2048\Game2048.pyproj", "{FAAA4C07-B833-40AA-909D-AF8FBA03F06A}"
EndProject
Global
	GlobalSection(SolutionConfigurationPlatforms) = preSolution
		Debug|Any CPU = Debug|Any CPU
		Release|Any CPU = Release|Any CPU
	EndGlobalSection
	GlobalSection(ProjectConfigurationPlatforms) = postSolution
		{FAAA4C07-B833-40AA-909D-AF8FBA03F06A}.Debug|Any CPU.ActiveCfg = Debug|Any CPU
		{FAAA4C07-B833-40AA-909D-AF8FBA03F06A}.Release|Any CPU.ActiveCfg = Release|Any CPU
	EndGlobalSection
	GlobalSection(SolutionProperties) = preSolution
		HideSolutionNode = FALSE
	EndGlobalSection
	GlobalSection(ExtensibilityGlobals) = postSolution
		SolutionGuid = {3E1E8AC0-A1CC-4719-AD38-B182BB271FC2}
	EndGlobalSection
EndGlobal
